
Microsoft Visual Studio Solution File, Format Version 12.00
# Visual Studio Version 16
VisualStudioVersion = 16.0.29519.181
MinimumVisualStudioVersion = 10.0.40219.1
Project("{FAE04EC0-301F-11D3-BF4B-00C04F79EFBC}") = "TablicaLiczb", "TablicaLiczb\TablicaLiczb.csproj", "{28EF2570-AD38-40D7-BCBB-4CDCC91803DC}"
EndProject
Global
	GlobalSection(SolutionConfigurationPlatforms) = preSolution
		Debug|Any CPU = Debug|Any CPU
		Release|Any CPU = Release|Any CPU
	EndGlobalSection
	GlobalSection(ProjectConfigurationPlatforms) = postSolution
		{28EF2570-AD38-40D7-BCBB-4CDCC91803DC}.Debug|Any CPU.ActiveCfg = Debug|Any CPU
		{28EF2570-AD38-40D7-BCBB-4CDCC91803DC}.Debug|Any CPU.Build.0 = Debug|Any CPU
		{28EF2570-AD38-40D7-BCBB-4CDCC91803DC}.Release|Any CPU.ActiveCfg = Release|Any CPU
		{28EF2570-AD38-40D7-BCBB-4CDCC91803DC}.Release|Any CPU.Build.0 = Release|Any CPU
	EndGlobalSection
	GlobalSection(SolutionProperties) = preSolution
		HideSolutionNode = FALSE
	EndGlobalSection
	GlobalSection(ExtensibilityGlobals) = postSolution
		SolutionGuid = {30FEBD45-7982-4390-9AE5-7E975F9A5E38}
	EndGlobalSection
EndGlobal
